
Microsoft Visual Studio Solution File, Format Version 12.00
# Visual Studio Version 17
VisualStudioVersion = 17.4.33122.133
MinimumVisualStudioVersion = 10.0.40219.1
Project("{FAE04EC0-301F-11D3-BF4B-00C04F79EFBC}") = "CalculatorOfSylveon", "CalculatorOfSylveon\CalculatorOfSylveon.csproj", "{31AB2660-F9EE-4D31-BBE5-793A7AE0426B}"
EndProject
Global
	GlobalSection(SolutionConfigurationPlatforms) = preSolution
		Debug|Any CPU = Debug|Any CPU
		Release|Any CPU = Release|Any CPU
	EndGlobalSection
	GlobalSection(ProjectConfigurationPlatforms) = postSolution
		{31AB2660-F9EE-4D31-BBE5-793A7AE0426B}.Debug|Any CPU.ActiveCfg = Debug|Any CPU
		{31AB2660-F9EE-4D31-BBE5-793A7AE0426B}.Debug|Any CPU.Build.0 = Debug|Any CPU
		{31AB2660-F9EE-4D31-BBE5-793A7AE0426B}.Release|Any CPU.ActiveCfg = Release|Any CPU
		{31AB2660-F9EE-4D31-BBE5-793A7AE0426B}.Release|Any CPU.Build.0 = Release|Any CPU
	EndGlobalSection
	GlobalSection(SolutionProperties) = preSolution
		HideSolutionNode = FALSE
	EndGlobalSection
	GlobalSection(ExtensibilityGlobals) = postSolution
		SolutionGuid = {E8E77859-9115-42D3-A4BD-67185A84D1FE}
	EndGlobalSection
EndGlobal
